
Microsoft Visual Studio Solution File, Format Version 12.00
# Visual Studio Version 17
VisualStudioVersion = 17.8.34330.188
MinimumVisualStudioVersion = 10.0.40219.1
Project("{8BC9CEB8-8B4A-11D0-8D11-00A0C91BC942}") = "DataRemove", "DataRemove.vcxproj", "{662F0523-01EC-4F3E-B640-147998C957F5}"
EndProject
Global
	GlobalSection(SolutionConfigurationPlatforms) = preSolution
		Debug|x64 = Debug|x64
		Debug|x86 = Debug|x86
		Release|x64 = Release|x64
		Release|x86 = Release|x86
	EndGlobalSection
	GlobalSection(ProjectConfigurationPlatforms) = postSolution
		{662F0523-01EC-4F3E-B640-147998C957F5}.Debug|x64.ActiveCfg = Debug|x64
		{662F0523-01EC-4F3E-B640-147998C957F5}.Debug|x64.Build.0 = Debug|x64
		{662F0523-01EC-4F3E-B640-147998C957F5}.Debug|x86.ActiveCfg = Debug|Win32
		{662F0523-01EC-4F3E-B640-147998C957F5}.Debug|x86.Build.0 = Debug|Win32
		{662F0523-01EC-4F3E-B640-147998C957F5}.Release|x64.ActiveCfg = Release|x64
		{662F0523-01EC-4F3E-B640-147998C957F5}.Release|x64.Build.0 = Release|x64
		{662F0523-01EC-4F3E-B640-147998C957F5}.Release|x86.ActiveCfg = Release|Win32
		{662F0523-01EC-4F3E-B640-147998C957F5}.Release|x86.Build.0 = Release|Win32
	EndGlobalSection
	GlobalSection(SolutionProperties) = preSolution
		HideSolutionNode = FALSE
	EndGlobalSection
	GlobalSection(ExtensibilityGlobals) = postSolution
		SolutionGuid = {8AE1A99C-50AC-4ACA-969A-4881C2F547F4}
	EndGlobalSection
EndGlobal
